
Microsoft Visual Studio Solution File, Format Version 12.00
# Visual Studio Version 17
VisualStudioVersion = 17.0.32014.148
MinimumVisualStudioVersion = 10.0.40219.1
Project("{FAE04EC0-301F-11D3-BF4B-00C04F79EFBC}") = "CollectionPractice", "CollectionPractice\CollectionPractice.csproj", "{CA385746-4187-4A9B-BAF1-467F29C4CDEB}"
EndProject
Global
	GlobalSection(SolutionConfigurationPlatforms) = preSolution
		Debug|Any CPU = Debug|Any CPU
		Release|Any CPU = Release|Any CPU
	EndGlobalSection
	GlobalSection(ProjectConfigurationPlatforms) = postSolution
		{CA385746-4187-4A9B-BAF1-467F29C4CDEB}.Debug|Any CPU.ActiveCfg = Debug|Any CPU
		{CA385746-4187-4A9B-BAF1-467F29C4CDEB}.Debug|Any CPU.Build.0 = Debug|Any CPU
		{CA385746-4187-4A9B-BAF1-467F29C4CDEB}.Release|Any CPU.ActiveCfg = Release|Any CPU
		{CA385746-4187-4A9B-BAF1-467F29C4CDEB}.Release|Any CPU.Build.0 = Release|Any CPU
	EndGlobalSection
	GlobalSection(SolutionProperties) = preSolution
		HideSolutionNode = FALSE
	EndGlobalSection
	GlobalSection(ExtensibilityGlobals) = postSolution
		SolutionGuid = {B3631825-3FBE-42CD-A789-39965E287E9B}
	EndGlobalSection
EndGlobal
